# THIS IS AN AUTOGENERATED FILE. DO NOT EDIT THIS FILE DIRECTLY.
# yarn lockfile v1


"@types/node@*", "@types/node@^13.7.1":
  version "13.7.1"
  resolved "https://registry.yarnpkg.com/@types/node/-/node-13.7.1.tgz#238eb34a66431b71d2aaddeaa7db166f25971a0d"
  integrity sha512-Zq8gcQGmn4txQEJeiXo/KiLpon8TzAl0kmKH4zdWctPj05nWwp1ClMdAVEloqrQKfaC48PNLdgN/aVaLqUrluA==

"@types/oauth@^0.9.0":
  version "0.9.0"
  resolved "https://registry.yarnpkg.com/@types/oauth/-/oauth-0.9.0.tgz#d6af31f8aa92a964ba061f189880197b456c6667"
  integrity sha512-1oouefxKPGiDkb5m6lNxDkFry3PItCOJ+tlNtEn/gRvWShb2Rb3y0pccOIGwN/AwHUpwsuwlRwSpg7aoCN3bQQ==
  dependencies:
    "@types/node" "*"

"@types/ws@^7.2.0":
  version "7.2.1"
  resolved "https://registry.yarnpkg.com/@types/ws/-/ws-7.2.1.tgz#b800f2b8aee694e2b581113643e20d79dd3b8556"
  integrity sha512-UEmRNbXFGvfs/sLncf01GuVv6U1mZP3Df0iXWx4kUlikJxbFyFADp95mDn1XDTE2mXpzzoHcKlfFcbytLq4vaA==
  dependencies:
    "@types/node" "*"

agent-base@5:
  version "5.1.1"
  resolved "https://registry.yarnpkg.com/agent-base/-/agent-base-5.1.1.tgz#e8fb3f242959db44d63be665db7a8e739537a32c"
  integrity sha512-TMeqbNl2fMW0nMjTEPOwe3J/PRFP4vqeoNuQMG0HlMrtm5QxKqdvAkZ1pRBQ/ulIyDD5Yq0nJ7YbdD8ey0TO3g==

agent-base@~4.2.1:
  version "4.2.1"
  resolved "https://registry.yarnpkg.com/agent-base/-/agent-base-4.2.1.tgz#d89e5999f797875674c07d87f260fc41e83e8ca9"
  integrity sha512-JVwXMr9nHYTUXsBFKUqhJwvlcYU/blreOEUkhNR2eXZIvwd+c+o5V4MgDPKWnMS/56awN3TRzIP+KoPn+roQtg==
  dependencies:
    es6-promisify "^5.0.0"

axios@^0.19.0:
  version "0.19.0"
  resolved "https://registry.yarnpkg.com/axios/-/axios-0.19.0.tgz#8e09bff3d9122e133f7b8101c8fbdd00ed3d2ab8"
  integrity sha512-1uvKqKQta3KBxIz14F2v06AEHZ/dIoeKfbTRkK1E5oqjDnuEerLmYTgJB5AiQZHJcljpg1TuRzdjDR06qNk0DQ==
  dependencies:
    follow-redirects "1.5.10"
    is-buffer "^2.0.2"

date-format@^2.1.0:
  version "2.1.0"
  resolved "https://registry.yarnpkg.com/date-format/-/date-format-2.1.0.tgz#31d5b5ea211cf5fd764cd38baf9d033df7e125cf"
  integrity sha512-bYQuGLeFxhkxNOF3rcMtiZxvCBAquGzZm6oWA1oZ0g2THUzivaRhv8uOhdr19LmoobSOLoIAxeUK2RdbM8IFTA==

date-format@^3.0.0:
  version "3.0.0"
  resolved "https://registry.yarnpkg.com/date-format/-/date-format-3.0.0.tgz#eb8780365c7d2b1511078fb491e6479780f3ad95"
  integrity sha512-eyTcpKOcamdhWJXj56DpQMo1ylSQpcGtGKXcU0Tb97+K56/CF5amAqqqNj0+KvA0iw2ynxtHWFsPDSClCxe48w==

debug@4, debug@^4.1.1:
  version "4.1.1"
  resolved "https://registry.yarnpkg.com/debug/-/debug-4.1.1.tgz#3b72260255109c6b589cee050f1d516139664791"
  integrity sha512-pYAIzeRo8J6KPEaJ0VWOh5Pzkbw/RetuzehGM7QRRX5he4fPHx2rdKMB256ehJCkX+XRQm16eZLqLNS8RSZXZw==
  dependencies:
    ms "^2.1.1"

debug@=3.1.0:
  version "3.1.0"
  resolved "https://registry.yarnpkg.com/debug/-/debug-3.1.0.tgz#5bb5a0672628b64149566ba16819e61518c67261"
  integrity sha512-OX8XqP7/1a9cqkxYw2yXss15f26NKWBpDXQd0/uK/KPqdQhxbPa994hnzjcE2VqQpDslf55723cKPUOGSmMY3g==
  dependencies:
    ms "2.0.0"

es6-promise@^4.0.3:
  version "4.2.8"
  resolved "https://registry.yarnpkg.com/es6-promise/-/es6-promise-4.2.8.tgz#4eb21594c972bc40553d276e510539143db53e0a"
  integrity sha512-HJDGx5daxeIvxdBxvG2cb9g4tEvwIk3i8+nhX0yGrYmZUzbkdg8QbDevheDB8gd0//uPj4c1EQua8Q+MViT0/w==

es6-promisify@^5.0.0:
  version "5.0.0"
  resolved "https://registry.yarnpkg.com/es6-promisify/-/es6-promisify-5.0.0.tgz#5109d62f3e56ea967c4b63505aef08291c8a5203"
  integrity sha1-UQnWLz5W6pZ8S2NQWu8IKRyKUgM=
  dependencies:
    es6-promise "^4.0.3"

flatted@^2.0.1:
  version "2.0.1"
  resolved "https://registry.yarnpkg.com/flatted/-/flatted-2.0.1.tgz#69e57caa8f0eacbc281d2e2cb458d46fdb449e08"
  integrity sha512-a1hQMktqW9Nmqr5aktAux3JMNqaucxGcjtjWnZLHX7yyPCmlSV3M54nGYbqT8K+0GhF3NBgmJCc3ma+WOgX8Jg==

follow-redirects@1.5.10:
  version "1.5.10"
  resolved "https://registry.yarnpkg.com/follow-redirects/-/follow-redirects-1.5.10.tgz#7b7a9f9aea2fdff36786a94ff643ed07f4ff5e2a"
  integrity sha512-0V5l4Cizzvqt5D44aTXbFZz+FtyXV1vrDN6qrelxtfYQKW0KO0W2T/hkE8xvGa/540LkZlkaUjO4ailYTFtHVQ==
  dependencies:
    debug "=3.1.0"

fs-extra@^8.1.0:
  version "8.1.0"
  resolved "https://registry.yarnpkg.com/fs-extra/-/fs-extra-8.1.0.tgz#49d43c45a88cd9677668cb7be1b46efdb8d2e1c0"
  integrity sha512-yhlQgA6mnOJUKOsRUFsgJdQCvkKhcz8tlZG5HBQfReYZy46OwLcY+Zia0mtdHsOo9y/hP+CxMN0TU9QxoOtG4g==
  dependencies:
    graceful-fs "^4.2.0"
    jsonfile "^4.0.0"
    universalify "^0.1.0"

graceful-fs@^4.1.6, graceful-fs@^4.2.0:
  version "4.2.2"
  resolved "https://registry.yarnpkg.com/graceful-fs/-/graceful-fs-4.2.2.tgz#6f0952605d0140c1cfdb138ed005775b92d67b02"
  integrity sha512-IItsdsea19BoLC7ELy13q1iJFNmd7ofZH5+X/pJr90/nRoPEX0DJo1dHDbgtYWOhJhcCgMDTOw84RZ72q6lB+Q==

https-proxy-agent@^4.0.0:
  version "4.0.0"
  resolved "https://registry.yarnpkg.com/https-proxy-agent/-/https-proxy-agent-4.0.0.tgz#702b71fb5520a132a66de1f67541d9e62154d82b"
  integrity sha512-zoDhWrkR3of1l9QAL8/scJZyLu8j/gBkcwcaQOZh7Gyh/+uJQzGVETdgT30akuwkpL8HTRfssqI3BZuV18teDg==
  dependencies:
    agent-base "5"
    debug "4"

ip@^1.1.5:
  version "1.1.5"
  resolved "https://registry.yarnpkg.com/ip/-/ip-1.1.5.tgz#bdded70114290828c0a039e72ef25f5aaec4354a"
  integrity sha1-vd7XARQpCCjAoDnnLvJfWq7ENUo=

is-buffer@^2.0.2:
  version "2.0.3"
  resolved "https://registry.yarnpkg.com/is-buffer/-/is-buffer-2.0.3.tgz#4ecf3fcf749cbd1e472689e109ac66261a25e725"
  integrity sha512-U15Q7MXTuZlrbymiz95PJpZxu8IlipAp4dtS3wOdgPXx3mqBnslrWU14kxfHB+Py/+2PVKSr37dMAgM2A4uArw==

jsonfile@^4.0.0:
  version "4.0.0"
  resolved "https://registry.yarnpkg.com/jsonfile/-/jsonfile-4.0.0.tgz#8771aae0799b64076b76640fca058f9c10e33ecb"
  integrity sha1-h3Gq4HmbZAdrdmQPygWPnBDjPss=
  optionalDependencies:
    graceful-fs "^4.1.6"

log4js@^6.1.1:
  version "6.1.1"
  resolved "https://registry.yarnpkg.com/log4js/-/log4js-6.1.1.tgz#cac96a09ff7e1b83f2598996a8517719e451a3d7"
  integrity sha512-ZIhVqJrwWTIwEvSU08w4L18OTe2ikKpv9D7DbeastwaQTp2hz7bnVtjQMzha804aEBE0ohe78lpruQnnB04VNQ==
  dependencies:
    date-format "^3.0.0"
    debug "^4.1.1"
    flatted "^2.0.1"
    rfdc "^1.1.4"
    streamroller "^2.2.3"

"megalodon@file:../..":
  version "2.2.2"
  dependencies:
    "@types/oauth" "^0.9.0"
    "@types/ws" "^7.2.0"
    axios "^0.19.0"
    https-proxy-agent "^4.0.0"
    moment "^2.24.0"
    oauth "^0.9.15"
    socks-proxy-agent h3poteto/node-socks-proxy-agent#master
    typescript "3.7.5"
    ws "^7.2.1"

moment@^2.24.0:
  version "2.24.0"
  resolved "https://registry.yarnpkg.com/moment/-/moment-2.24.0.tgz#0d055d53f5052aa653c9f6eb68bb5d12bf5c2b5b"
  integrity sha512-bV7f+6l2QigeBBZSM/6yTNq4P2fNpSWj/0e7jQcy87A8e7o2nAfP/34/2ky5Vw4B9S446EtIhodAzkFCcR4dQg==

ms@2.0.0:
  version "2.0.0"
  resolved "https://registry.yarnpkg.com/ms/-/ms-2.0.0.tgz#5608aeadfc00be6c2901df5f9861788de0d597c8"
  integrity sha1-VgiurfwAvmwpAd9fmGF4jeDVl8g=

ms@^2.1.1:
  version "2.1.2"
  resolved "https://registry.yarnpkg.com/ms/-/ms-2.1.2.tgz#d09d1f357b443f493382a8eb3ccd183872ae6009"
  integrity sha512-sGkPx+VjMtmA6MX27oA4FBFELFCZZ4S4XqeGOXCv68tT+jb3vk/RyaKWP0PTKyWtmLSM0b+adUTEvbs1PEaH2w==

oauth@^0.9.15:
  version "0.9.15"
  resolved "https://registry.yarnpkg.com/oauth/-/oauth-0.9.15.tgz#bd1fefaf686c96b75475aed5196412ff60cfb9c1"
  integrity sha1-vR/vr2hslrdUda7VGWQS/2DPucE=

rfdc@^1.1.4:
  version "1.1.4"
  resolved "https://registry.yarnpkg.com/rfdc/-/rfdc-1.1.4.tgz#ba72cc1367a0ccd9cf81a870b3b58bd3ad07f8c2"
  integrity sha512-5C9HXdzK8EAqN7JDif30jqsBzavB7wLpaubisuQIGHWf2gUXSpzy6ArX/+Da8RjFpagWsCn+pIgxTMAmKw9Zug==

smart-buffer@4.0.2:
  version "4.0.2"
  resolved "https://registry.yarnpkg.com/smart-buffer/-/smart-buffer-4.0.2.tgz#5207858c3815cc69110703c6b94e46c15634395d"
  integrity sha512-JDhEpTKzXusOqXZ0BUIdH+CjFdO/CR3tLlf5CN34IypI+xMmXW1uB16OOY8z3cICbJlDAVJzNbwBhNO0wt9OAw==

socks-proxy-agent@h3poteto/node-socks-proxy-agent#master:
  version "4.0.2"
  resolved "https://codeload.github.com/h3poteto/node-socks-proxy-agent/tar.gz/5be42d4a3f98c5a156d713ea88a54b825f26d1f3"
  dependencies:
    agent-base "~4.2.1"
    socks "~2.3.2"

socks@~2.3.2:
  version "2.3.2"
  resolved "https://registry.yarnpkg.com/socks/-/socks-2.3.2.tgz#ade388e9e6d87fdb11649c15746c578922a5883e"
  integrity sha512-pCpjxQgOByDHLlNqlnh/mNSAxIUkyBBuwwhTcV+enZGbDaClPvHdvm6uvOwZfFJkam7cGhBNbb4JxiP8UZkRvQ==
  dependencies:
    ip "^1.1.5"
    smart-buffer "4.0.2"

streamroller@^2.2.3:
  version "2.2.3"
  resolved "https://registry.yarnpkg.com/streamroller/-/streamroller-2.2.3.tgz#b95c9fad44e2e89005d242141486b3b4962c2d28"
  integrity sha512-AegmvQsscTRhHVO46PhCDerjIpxi7E+d2GxgUDu+nzw/HuLnUdxHWr6WQ+mVn/4iJgMKKFFdiUwFcFRDvcjCtw==
  dependencies:
    date-format "^2.1.0"
    debug "^4.1.1"
    fs-extra "^8.1.0"

typescript@3.7.5:
  version "3.7.5"
  resolved "https://registry.yarnpkg.com/typescript/-/typescript-3.7.5.tgz#0692e21f65fd4108b9330238aac11dd2e177a1ae"
  integrity sha512-/P5lkRXkWHNAbcJIiHPfRoKqyd7bsyCma1hZNUGfn20qm64T6ZBlrzprymeu918H+mB/0rIg2gGK/BXkhhYgBw==

universalify@^0.1.0:
  version "0.1.2"
  resolved "https://registry.yarnpkg.com/universalify/-/universalify-0.1.2.tgz#b646f69be3942dabcecc9d6639c80dc105efaa66"
  integrity sha512-rBJeI5CXAlmy1pV+617WB9J63U6XcazHHF2f2dbJix4XzpUF0RS3Zbj0FGIOCAva5P/d/GBOYaACQ1w+0azUkg==

ws@^7.2.1:
  version "7.2.1"
  resolved "https://registry.yarnpkg.com/ws/-/ws-7.2.1.tgz#03ed52423cd744084b2cf42ed197c8b65a936b8e"
  integrity sha512-sucePNSafamSKoOqoNfBd8V0StlkzJKL2ZAhGQinCfNQ+oacw+Pk7lcdAElecBF2VkLNZRiIb5Oi1Q5lVUVt2A==
